// !$*UTF8*$!
{
	archiveVersion = 1;
	classes = {
	};
	objectVersion = 56;
	objects = {

/* Begin PBXBuildFile section */
		1304C62E2AF8D44100043C80 /* AppDelegate.swift in Sources */ = {isa = PBXBuildFile; fileRef = 1304C62D2AF8D44100043C80 /* AppDelegate.swift */; };
		1304C6302AF8D44100043C80 /* SceneDelegate.swift in Sources */ = {isa = PBXBuildFile; fileRef = 1304C62F2AF8D44100043C80 /* SceneDelegate.swift */; };
		1304C6322AF8D44100043C80 /* HomeVc.swift in Sources */ = {isa = PBXBuildFile; fileRef = 1304C6312AF8D44100043C80 /* HomeVc.swift */; };
		1304C6352AF8D44100043C80 /* Main.storyboard in Resources */ = {isa = PBXBuildFile; fileRef = 1304C6332AF8D44100043C80 /* Main.storyboard */; };
		1304C6382AF8D44100043C80 /* ATMS_DB.xcdatamodeld in Sources */ = {isa = PBXBuildFile; fileRef = 1304C6362AF8D44100043C80 /* ATMS_DB.xcdatamodeld */; };
		1304C63A2AF8D44300043C80 /* Assets.xcassets in Resources */ = {isa = PBXBuildFile; fileRef = 1304C6392AF8D44300043C80 /* Assets.xcassets */; };
		1304C63D2AF8D44300043C80 /* LaunchScreen.storyboard in Resources */ = {isa = PBXBuildFile; fileRef = 1304C63B2AF8D44300043C80 /* LaunchScreen.storyboard */; };
		1304C6482AF8FE9200043C80 /* personalInfoVc.swift in Sources */ = {isa = PBXBuildFile; fileRef = 1304C6472AF8FE9200043C80 /* personalInfoVc.swift */; };
		1365E82A2B0249BE00F2D76A /* FlightInformationVc.swift in Sources */ = {isa = PBXBuildFile; fileRef = 1365E8292B0249BE00F2D76A /* FlightInformationVc.swift */; };
		139EA5E72B03CDAD009CE4C5 /* historyVc.swift in Sources */ = {isa = PBXBuildFile; fileRef = 139EA5E62B03CDAD009CE4C5 /* historyVc.swift */; };
		13B6BA132B287265004FF5DE /* profileTableVC.swift in Sources */ = {isa = PBXBuildFile; fileRef = 13B6BA122B287265004FF5DE /* profileTableVC.swift */; };
		13E1588D2B360CDF002ED612 /* FlightTicketVc.swift in Sources */ = {isa = PBXBuildFile; fileRef = 13E1588C2B360CDF002ED612 /* FlightTicketVc.swift */; };
		13E1588F2B360D23002ED612 /* YourTicketVc.swift in Sources */ = {isa = PBXBuildFile; fileRef = 13E1588E2B360D23002ED612 /* YourTicketVc.swift */; };
		A1606AF51E87E31F78C3F6BB /* Pods_ATMS_DB.framework in Frameworks */ = {isa = PBXBuildFile; fileRef = 19E0D3C1CD5330C801674065 /* Pods_ATMS_DB.framework */; };
/* End PBXBuildFile section */

/* Begin PBXFileReference section */
		1304C62A2AF8D44100043C80 /* ATMS_DB.app */ = {isa = PBXFileReference; explicitFileType = wrapper.application; includeInIndex = 0; path = ATMS_DB.app; sourceTree = BUILT_PRODUCTS_DIR; };
		1304C62D2AF8D44100043C80 /* AppDelegate.swift */ = {isa = PBXFileReference; lastKnownFileType = sourcecode.swift; path = AppDelegate.swift; sourceTree = "<group>"; };
		1304C62F2AF8D44100043C80 /* SceneDelegate.swift */ = {isa = PBXFileReference; lastKnownFileType = sourcecode.swift; path = SceneDelegate.swift; sourceTree = "<group>"; };
		1304C6312AF8D44100043C80 /* HomeVc.swift */ = {isa = PBXFileReference; lastKnownFileType = sourcecode.swift; path = HomeVc.swift; sourceTree = "<group>"; };
		1304C6342AF8D44100043C80 /* Base */ = {isa = PBXFileReference; lastKnownFileType = file.storyboard; name = Base; path = Base.lproj/Main.storyboard; sourceTree = "<group>"; };
		1304C6372AF8D44100043C80 /* ATMS_DB.xcdatamodel */ = {isa = PBXFileReference; lastKnownFileType = wrapper.xcdatamodel; path = ATMS_DB.xcdatamodel; sourceTree = "<group>"; };
		1304C6392AF8D44300043C80 /* Assets.xcassets */ = {isa = PBXFileReference; lastKnownFileType = folder.assetcatalog; path = Assets.xcassets; sourceTree = "<group>"; };
		1304C63C2AF8D44300043C80 /* Base */ = {isa = PBXFileReference; lastKnownFileType = file.storyboard; name = Base; path = Base.lproj/LaunchScreen.storyboard; sourceTree = "<group>"; };
		1304C63E2AF8D44300043C80 /* Info.plist */ = {isa = PBXFileReference; lastKnownFileType = text.plist.xml; path = Info.plist; sourceTree = "<group>"; };
		1304C6472AF8FE9200043C80 /* personalInfoVc.swift */ = {isa = PBXFileReference; lastKnownFileType = sourcecode.swift; path = personalInfoVc.swift; sourceTree = "<group>"; };
		1365E8292B0249BE00F2D76A /* FlightInformationVc.swift */ = {isa = PBXFileReference; lastKnownFileType = sourcecode.swift; path = FlightInformationVc.swift; sourceTree = "<group>"; };
		139EA5E62B03CDAD009CE4C5 /* historyVc.swift */ = {isa = PBXFileReference; lastKnownFileType = sourcecode.swift; path = historyVc.swift; sourceTree = "<group>"; };
		13B6BA122B287265004FF5DE /* profileTableVC.swift */ = {isa = PBXFileReference; lastKnownFileType = sourcecode.swift; path = profileTableVC.swift; sourceTree = "<group>"; };
		13E1588C2B360CDF002ED612 /* FlightTicketVc.swift */ = {isa = PBXFileReference; lastKnownFileType = sourcecode.swift; path = FlightTicketVc.swift; sourceTree = "<group>"; };
		13E1588E2B360D23002ED612 /* YourTicketVc.swift */ = {isa = PBXFileReference; lastKnownFileType = sourcecode.swift; path = YourTicketVc.swift; sourceTree = "<group>"; };
		19E0D3C1CD5330C801674065 /* Pods_ATMS_DB.framework */ = {isa = PBXFileReference; explicitFileType = wrapper.framework; includeInIndex = 0; path = Pods_ATMS_DB.framework; sourceTree = BUILT_PRODUCTS_DIR; };
		A2F2016AF4771B181D630C12 /* Pods-ATMS_DB.release.xcconfig */ = {isa = PBXFileReference; includeInIndex = 1; lastKnownFileType = text.xcconfig; name = "Pods-ATMS_DB.release.xcconfig"; path = "Target Support Files/Pods-ATMS_DB/Pods-ATMS_DB.release.xcconfig"; sourceTree = "<group>"; };
		F4A8B83EC734566D835D04F4 /* Pods-ATMS_DB.debug.xcconfig */ = {isa = PBXFileReference; includeInIndex = 1; lastKnownFileType = text.xcconfig; name = "Pods-ATMS_DB.debug.xcconfig"; path = "Target Support Files/Pods-ATMS_DB/Pods-ATMS_DB.debug.xcconfig"; sourceTree = "<group>"; };
/* End PBXFileReference section */

/* Begin PBXFrameworksBuildPhase section */
		1304C6272AF8D44000043C80 /* Frameworks */ = {
			isa = PBXFrameworksBuildPhase;
			buildActionMask = 2147483647;
			files = (
				A1606AF51E87E31F78C3F6BB /* Pods_ATMS_DB.framework in Frameworks */,
			);
			runOnlyForDeploymentPostprocessing = 0;
		};
/* End PBXFrameworksBuildPhase section */

/* Begin PBXGroup section */
		1304C6212AF8D44000043C80 = {
			isa = PBXGroup;
			children = (
				1304C62C2AF8D44100043C80 /* ATMS_DB */,
				1304C62B2AF8D44100043C80 /* Products */,
				F8E89C3877312A34907FE71F /* Pods */,
				D0B12D130169D2A48A9FF6F4 /* Frameworks */,
			);
			sourceTree = "<group>";
		};
		1304C62B2AF8D44100043C80 /* Products */ = {
			isa = PBXGroup;
			children = (
				1304C62A2AF8D44100043C80 /* ATMS_DB.app */,
			);
			name = Products;
			sourceTree = "<group>";
		};
		1304C62C2AF8D44100043C80 /* ATMS_DB */ = {
			isa = PBXGroup;
			children = (
				1304C62D2AF8D44100043C80 /* AppDelegate.swift */,
				1304C62F2AF8D44100043C80 /* SceneDelegate.swift */,
				1304C6492AF8FE9700043C80 /* viewControllers */,
				1304C64A2AF8FEAE00043C80 /* Models */,
				1304C6332AF8D44100043C80 /* Main.storyboard */,
				1304C6392AF8D44300043C80 /* Assets.xcassets */,
				1304C63B2AF8D44300043C80 /* LaunchScreen.storyboard */,
				1304C63E2AF8D44300043C80 /* Info.plist */,
				1304C6362AF8D44100043C80 /* ATMS_DB.xcdatamodeld */,
			);
			path = ATMS_DB;
			sourceTree = "<group>";
		};
		1304C6492AF8FE9700043C80 /* viewControllers */ = {
			isa = PBXGroup;
			children = (
				139EA5E32B03CCAA009CE4C5 /* BuyTicket */,
				139EA5E42B03CCC4009CE4C5 /* Profile */,
				139EA5E52B03CCD8009CE4C5 /* History */,
			);
			path = viewControllers;
			sourceTree = "<group>";
		};
		1304C64A2AF8FEAE00043C80 /* Models */ = {
			isa = PBXGroup;
			children = (
			);
			path = Models;
			sourceTree = "<group>";
		};
		139EA5E32B03CCAA009CE4C5 /* BuyTicket */ = {
			isa = PBXGroup;
			children = (
				1304C6312AF8D44100043C80 /* HomeVc.swift */,
				1304C6472AF8FE9200043C80 /* personalInfoVc.swift */,
				1365E8292B0249BE00F2D76A /* FlightInformationVc.swift */,
				13E1588C2B360CDF002ED612 /* FlightTicketVc.swift */,
				13E1588E2B360D23002ED612 /* YourTicketVc.swift */,
			);
			path = BuyTicket;
			sourceTree = "<group>";
		};
		139EA5E42B03CCC4009CE4C5 /* Profile */ = {
			isa = PBXGroup;
			children = (
				13B6BA122B287265004FF5DE /* profileTableVC.swift */,
			);
			path = Profile;
			sourceTree = "<group>";
		};
		139EA5E52B03CCD8009CE4C5 /* History */ = {
			isa = PBXGroup;
			children = (
				139EA5E62B03CDAD009CE4C5 /* historyVc.swift */,
			);
			path = History;
			sourceTree = "<group>";
		};
		D0B12D130169D2A48A9FF6F4 /* Frameworks */ = {
			isa = PBXGroup;
			children = (
				19E0D3C1CD5330C801674065 /* Pods_ATMS_DB.framework */,
			);
			name = Frameworks;
			sourceTree = "<group>";
		};
		F8E89C3877312A34907FE71F /* Pods */ = {
			isa = PBXGroup;
			children = (
				F4A8B83EC734566D835D04F4 /* Pods-ATMS_DB.debug.xcconfig */,
				A2F2016AF4771B181D630C12 /* Pods-ATMS_DB.release.xcconfig */,
			);
			path = Pods;
			sourceTree = "<group>";
		};
/* End PBXGroup section */

/* Begin PBXNativeTarget section */
		1304C6292AF8D44000043C80 /* ATMS_DB */ = {
			isa = PBXNativeTarget;
			buildConfigurationList = 1304C6412AF8D44300043C80 /* Build configuration list for PBXNativeTarget "ATMS_DB" */;
			buildPhases = (
				CCA3C458AE5C59D788EAAD9D /* [CP] Check Pods Manifest.lock */,
				1304C6262AF8D44000043C80 /* Sources */,
				1304C6272AF8D44000043C80 /* Frameworks */,
				1304C6282AF8D44000043C80 /* Resources */,
				9D52FB24BC717CC9D77FA617 /* [CP] Embed Pods Frameworks */,
			);
			buildRules = (
			);
			dependencies = (
			);
			name = ATMS_DB;
			productName = ATMS_DB;
			productReference = 1304C62A2AF8D44100043C80 /* ATMS_DB.app */;
			productType = "com.apple.product-type.application";
		};
/* End PBXNativeTarget section */

/* Begin PBXProject section */
		1304C6222AF8D44000043C80 /* Project object */ = {
			isa = PBXProject;
			attributes = {
				BuildIndependentTargetsInParallel = 1;
				LastSwiftUpdateCheck = 1420;
				LastUpgradeCheck = 1420;
				TargetAttributes = {
					1304C6292AF8D44000043C80 = {
						CreatedOnToolsVersion = 14.2;
					};
				};
			};
			buildConfigurationList = 1304C6252AF8D44000043C80 /* Build configuration list for PBXProject "ATMS_DB" */;
			compatibilityVersion = "Xcode 14.0";
			developmentRegion = en;
			hasScannedForEncodings = 0;
			knownRegions = (
				en,
				Base,
			);
			mainGroup = 1304C6212AF8D44000043C80;
			productRefGroup = 1304C62B2AF8D44100043C80 /* Products */;
			projectDirPath = "";
			projectRoot = "";
			targets = (
				1304C6292AF8D44000043C80 /* ATMS_DB */,
			);
		};
/* End PBXProject section */

/* Begin PBXResourcesBuildPhase section */
		1304C6282AF8D44000043C80 /* Resources */ = {
			isa = PBXResourcesBuildPhase;
			buildActionMask = 2147483647;
			files = (
				1304C63D2AF8D44300043C80 /* LaunchScreen.storyboard in Resources */,
				1304C63A2AF8D44300043C80 /* Assets.xcassets in Resources */,
				1304C6352AF8D44100043C80 /* Main.storyboard in Resources */,
			);
			runOnlyForDeploymentPostprocessing = 0;
		};
/* End PBXResourcesBuildPhase section */

/* Begin PBXShellScriptBuildPhase section */
		9D52FB24BC717CC9D77FA617 /* [CP] Embed Pods Frameworks */ = {
			isa = PBXShellScriptBuildPhase;
			buildActionMask = 2147483647;
			files = (
			);
			inputFileListPaths = (
				"${PODS_ROOT}/Target Support Files/Pods-ATMS_DB/Pods-ATMS_DB-frameworks-${CONFIGURATION}-input-files.xcfilelist",
			);
			name = "[CP] Embed Pods Frameworks";
			outputFileListPaths = (
				"${PODS_ROOT}/Target Support Files/Pods-ATMS_DB/Pods-ATMS_DB-frameworks-${CONFIGURATION}-output-files.xcfilelist",
			);
			runOnlyForDeploymentPostprocessing = 0;
			shellPath = /bin/sh;
			shellScript = "\"${PODS_ROOT}/Target Support Files/Pods-ATMS_DB/Pods-ATMS_DB-frameworks.sh\"\n";
			showEnvVarsInLog = 0;
		};
		CCA3C458AE5C59D788EAAD9D /* [CP] Check Pods Manifest.lock */ = {
			isa = PBXShellScriptBuildPhase;
			buildActionMask = 2147483647;
			files = (
			);
			inputFileListPaths = (
			);
			inputPaths = (
				"${PODS_PODFILE_DIR_PATH}/Podfile.lock",
				"${PODS_ROOT}/Manifest.lock",
			);
			name = "[CP] Check Pods Manifest.lock";
			outputFileListPaths = (
			);
			outputPaths = (
				"$(DERIVED_FILE_DIR)/Pods-ATMS_DB-checkManifestLockResult.txt",
			);
			runOnlyForDeploymentPostprocessing = 0;
			shellPath = /bin/sh;
			shellScript = "diff \"${PODS_PODFILE_DIR_PATH}/Podfile.lock\" \"${PODS_ROOT}/Manifest.lock\" > /dev/null\nif [ $? != 0 ] ; then\n    # print error to STDERR\n    echo \"error: The sandbox is not in sync with the Podfile.lock. Run 'pod install' or update your CocoaPods installation.\" >&2\n    exit 1\nfi\n# This output is used by Xcode 'outputs' to avoid re-running this script phase.\necho \"SUCCESS\" > \"${SCRIPT_OUTPUT_FILE_0}\"\n";
			showEnvVarsInLog = 0;
		};
/* End PBXShellScriptBuildPhase section */

/* Begin PBXSourcesBuildPhase section */
		1304C6262AF8D44000043C80 /* Sources */ = {
			isa = PBXSourcesBuildPhase;
			buildActionMask = 2147483647;
			files = (
				1304C6482AF8FE9200043C80 /* personalInfoVc.swift in Sources */,
				13B6BA132B287265004FF5DE /* profileTableVC.swift in Sources */,
				13E1588D2B360CDF002ED612 /* FlightTicketVc.swift in Sources */,
				13E1588F2B360D23002ED612 /* YourTicketVc.swift in Sources */,
				1365E82A2B0249BE00F2D76A /* FlightInformationVc.swift in Sources */,
				1304C6322AF8D44100043C80 /* HomeVc.swift in Sources */,
				139EA5E72B03CDAD009CE4C5 /* historyVc.swift in Sources */,
				1304C62E2AF8D44100043C80 /* AppDelegate.swift in Sources */,
				1304C6382AF8D44100043C80 /* ATMS_DB.xcdatamodeld in Sources */,
				1304C6302AF8D44100043C80 /* SceneDelegate.swift in Sources */,
			);
			runOnlyForDeploymentPostprocessing = 0;
		};
/* End PBXSourcesBuildPhase section */

/* Begin PBXVariantGroup section */
		1304C6332AF8D44100043C80 /* Main.storyboard */ = {
			isa = PBXVariantGroup;
			children = (
				1304C6342AF8D44100043C80 /* Base */,
			);
			name = Main.storyboard;
			sourceTree = "<group>";
		};
		1304C63B2AF8D44300043C80 /* LaunchScreen.storyboard */ = {
			isa = PBXVariantGroup;
			children = (
				1304C63C2AF8D44300043C80 /* Base */,
			);
			name = LaunchScreen.storyboard;
			sourceTree = "<group>";
		};
/* End PBXVariantGroup section */

/* Begin XCBuildConfiguration section */
		1304C63F2AF8D44300043C80 /* Debug */ = {
			isa = XCBuildConfiguration;
			buildSettings = {
				ALWAYS_SEARCH_USER_PATHS = NO;
				CLANG_ANALYZER_NONNULL = YES;
				CLANG_ANALYZER_NUMBER_OBJECT_CONVERSION = YES_AGGRESSIVE;
				CLANG_CXX_LANGUAGE_STANDARD = "gnu++20";
				CLANG_ENABLE_MODULES = YES;
				CLANG_ENABLE_OBJC_ARC = YES;
				CLANG_ENABLE_OBJC_WEAK = YES;
				CLANG_WARN_BLOCK_CAPTURE_AUTORELEASING = YES;
				CLANG_WARN_BOOL_CONVERSION = YES;
				CLANG_WARN_COMMA = YES;
				CLANG_WARN_CONSTANT_CONVERSION = YES;
				CLANG_WARN_DEPRECATED_OBJC_IMPLEMENTATIONS = YES;
				CLANG_WARN_DIRECT_OBJC_ISA_USAGE = YES_ERROR;
				CLANG_WARN_DOCUMENTATION_COMMENTS = YES;
				CLANG_WARN_EMPTY_BODY = YES;
				CLANG_WARN_ENUM_CONVERSION = YES;
				CLANG_WARN_INFINITE_RECURSION = YES;
				CLANG_WARN_INT_CONVERSION = YES;
				CLANG_WARN_NON_LITERAL_NULL_CONVERSION = YES;
				CLANG_WARN_OBJC_IMPLICIT_RETAIN_SELF = YES;
				CLANG_WARN_OBJC_LITERAL_CONVERSION = YES;
				CLANG_WARN_OBJC_ROOT_CLASS = YES_ERROR;
				CLANG_WARN_QUOTED_INCLUDE_IN_FRAMEWORK_HEADER = YES;
				CLANG_WARN_RANGE_LOOP_ANALYSIS = YES;
				CLANG_WARN_STRICT_PROTOTYPES = YES;
				CLANG_WARN_SUSPICIOUS_MOVE = YES;
				CLANG_WARN_UNGUARDED_AVAILABILITY = YES_AGGRESSIVE;
				CLANG_WARN_UNREACHABLE_CODE = YES;
				CLANG_WARN__DUPLICATE_METHOD_MATCH = YES;
				COPY_PHASE_STRIP = NO;
				DEBUG_INFORMATION_FORMAT = dwarf;
				ENABLE_STRICT_OBJC_MSGSEND = YES;
				ENABLE_TESTABILITY = YES;
				GCC_C_LANGUAGE_STANDARD = gnu11;
				GCC_DYNAMIC_NO_PIC = NO;
				GCC_NO_COMMON_BLOCKS = YES;
				GCC_OPTIMIZATION_LEVEL = 0;
				GCC_PREPROCESSOR_DEFINITIONS = (
					"DEBUG=1",
					"$(inherited)",
				);
				GCC_WARN_64_TO_32_BIT_CONVERSION = YES;
				GCC_WARN_ABOUT_RETURN_TYPE = YES_ERROR;
				GCC_WARN_UNDECLARED_SELECTOR = YES;
				GCC_WARN_UNINITIALIZED_AUTOS = YES_AGGRESSIVE;
				GCC_WARN_UNUSED_FUNCTION = YES;
				GCC_WARN_UNUSED_VARIABLE = YES;
				IPHONEOS_DEPLOYMENT_TARGET = 15.0;
				MTL_ENABLE_DEBUG_INFO = INCLUDE_SOURCE;
				MTL_FAST_MATH = YES;
				ONLY_ACTIVE_ARCH = YES;
				SDKROOT = iphoneos;
				SWIFT_ACTIVE_COMPILATION_CONDITIONS = DEBUG;
				SWIFT_OPTIMIZATION_LEVEL = "-Onone";
			};
			name = Debug;
		};
		1304C6402AF8D44300043C80 /* Release */ = {
			isa = XCBuildConfiguration;
			buildSettings = {
				ALWAYS_SEARCH_USER_PATHS = NO;
				CLANG_ANALYZER_NONNULL = YES;
				CLANG_ANALYZER_NUMBER_OBJECT_CONVERSION = YES_AGGRESSIVE;
				CLANG_CXX_LANGUAGE_STANDARD = "gnu++20";
				CLANG_ENABLE_MODULES = YES;
				CLANG_ENABLE_OBJC_ARC = YES;
				CLANG_ENABLE_OBJC_WEAK = YES;
				CLANG_WARN_BLOCK_CAPTURE_AUTORELEASING = YES;
				CLANG_WARN_BOOL_CONVERSION = YES;
				CLANG_WARN_COMMA = YES;
				CLANG_WARN_CONSTANT_CONVERSION = YES;
				CLANG_WARN_DEPRECATED_OBJC_IMPLEMENTATIONS = YES;
				CLANG_WARN_DIRECT_OBJC_ISA_USAGE = YES_ERROR;
				CLANG_WARN_DOCUMENTATION_COMMENTS = YES;
				CLANG_WARN_EMPTY_BODY = YES;
				CLANG_WARN_ENUM_CONVERSION = YES;
				CLANG_WARN_INFINITE_RECURSION = YES;
				CLANG_WARN_INT_CONVERSION = YES;
				CLANG_WARN_NON_LITERAL_NULL_CONVERSION = YES;
				CLANG_WARN_OBJC_IMPLICIT_RETAIN_SELF = YES;
				CLANG_WARN_OBJC_LITERAL_CONVERSION = YES;
				CLANG_WARN_OBJC_ROOT_CLASS = YES_ERROR;
				CLANG_WARN_QUOTED_INCLUDE_IN_FRAMEWORK_HEADER = YES;
				CLANG_WARN_RANGE_LOOP_ANALYSIS = YES;
				CLANG_WARN_STRICT_PROTOTYPES = YES;
				CLANG_WARN_SUSPICIOUS_MOVE = YES;
				CLANG_WARN_UNGUARDED_AVAILABILITY = YES_AGGRESSIVE;
				CLANG_WARN_UNREACHABLE_CODE = YES;
				CLANG_WARN__DUPLICATE_METHOD_MATCH = YES;
				COPY_PHASE_STRIP = NO;
				DEBUG_INFORMATION_FORMAT = "dwarf-with-dsym";
				ENABLE_NS_ASSERTIONS = NO;
				ENABLE_STRICT_OBJC_MSGSEND = YES;
				GCC_C_LANGUAGE_STANDARD = gnu11;
				GCC_NO_COMMON_BLOCKS = YES;
				GCC_WARN_64_TO_32_BIT_CONVERSION = YES;
				GCC_WARN_ABOUT_RETURN_TYPE = YES_ERROR;
				GCC_WARN_UNDECLARED_SELECTOR = YES;
				GCC_WARN_UNINITIALIZED_AUTOS = YES_AGGRESSIVE;
				GCC_WARN_UNUSED_FUNCTION = YES;
				GCC_WARN_UNUSED_VARIABLE = YES;
				IPHONEOS_DEPLOYMENT_TARGET = 15.0;
				MTL_ENABLE_DEBUG_INFO = NO;
				MTL_FAST_MATH = YES;
				SDKROOT = iphoneos;
				SWIFT_COMPILATION_MODE = wholemodule;
				SWIFT_OPTIMIZATION_LEVEL = "-O";
				VALIDATE_PRODUCT = YES;
			};
			name = Release;
		};
		1304C6422AF8D44300043C80 /* Debug */ = {
			isa = XCBuildConfiguration;
			baseConfigurationReference = F4A8B83EC734566D835D04F4 /* Pods-ATMS_DB.debug.xcconfig */;
			buildSettings = {
				ASSETCATALOG_COMPILER_APPICON_NAME = AppIcon;
				ASSETCATALOG_COMPILER_GLOBAL_ACCENT_COLOR_NAME = AccentColor;
				CODE_SIGN_STYLE = Automatic;
				CURRENT_PROJECT_VERSION = 1;
				DEVELOPMENT_TEAM = 4AKF2AAB68;
				GENERATE_INFOPLIST_FILE = YES;
				INFOPLIST_FILE = ATMS_DB/Info.plist;
				INFOPLIST_KEY_LSApplicationCategoryType = "public.app-category.travel";
				INFOPLIST_KEY_UIApplicationSupportsIndirectInputEvents = YES;
				INFOPLIST_KEY_UILaunchStoryboardName = LaunchScreen;
				INFOPLIST_KEY_UIMainStoryboardFile = Main;
				INFOPLIST_KEY_UISupportedInterfaceOrientations = UIInterfaceOrientationPortrait;
				IPHONEOS_DEPLOYMENT_TARGET = 15.0;
				LD_RUNPATH_SEARCH_PATHS = (
					"$(inherited)",
					"@executable_path/Frameworks",
				);
				MARKETING_VERSION = 1.0;
				PRODUCT_BUNDLE_IDENTIFIER = "AliEsmaeiliDeveloper.ATMS-DB";
				PRODUCT_NAME = "$(TARGET_NAME)";
				SWIFT_EMIT_LOC_STRINGS = YES;
				SWIFT_VERSION = 5.0;
				TARGETED_DEVICE_FAMILY = "1,2";
			};
			name = Debug;
		};
		1304C6432AF8D44300043C80 /* Release */ = {
			isa = XCBuildConfiguration;
			baseConfigurationReference = A2F2016AF4771B181D630C12 /* Pods-ATMS_DB.release.xcconfig */;
			buildSettings = {
				ASSETCATALOG_COMPILER_APPICON_NAME = AppIcon;
				ASSETCATALOG_COMPILER_GLOBAL_ACCENT_COLOR_NAME = AccentColor;
				CODE_SIGN_STYLE = Automatic;
				CURRENT_PROJECT_VERSION = 1;
				DEVELOPMENT_TEAM = 4AKF2AAB68;
				GENERATE_INFOPLIST_FILE = YES;
				INFOPLIST_FILE = ATMS_DB/Info.plist;
				INFOPLIST_KEY_LSApplicationCategoryType = "public.app-category.travel";
				INFOPLIST_KEY_UIApplicationSupportsIndirectInputEvents = YES;
				INFOPLIST_KEY_UILaunchStoryboardName = LaunchScreen;
				INFOPLIST_KEY_UIMainStoryboardFile = Main;
				INFOPLIST_KEY_UISupportedInterfaceOrientations = UIInterfaceOrientationPortrait;
				IPHONEOS_DEPLOYMENT_TARGET = 15.0;
				LD_RUNPATH_SEARCH_PATHS = (
					"$(inherited)",
					"@executable_path/Frameworks",
				);
				MARKETING_VERSION = 1.0;
				PRODUCT_BUNDLE_IDENTIFIER = "AliEsmaeiliDeveloper.ATMS-DB";
				PRODUCT_NAME = "$(TARGET_NAME)";
				SWIFT_EMIT_LOC_STRINGS = YES;
				SWIFT_VERSION = 5.0;
				TARGETED_DEVICE_FAMILY = "1,2";
			};
			name = Release;
		};
/* End XCBuildConfiguration section */

/* Begin XCConfigurationList section */
		1304C6252AF8D44000043C80 /* Build configuration list for PBXProject "ATMS_DB" */ = {
			isa = XCConfigurationList;
			buildConfigurations = (
				1304C63F2AF8D44300043C80 /* Debug */,
				1304C6402AF8D44300043C80 /* Release */,
			);
			defaultConfigurationIsVisible = 0;
			defaultConfigurationName = Release;
		};
		1304C6412AF8D44300043C80 /* Build configuration list for PBXNativeTarget "ATMS_DB" */ = {
			isa = XCConfigurationList;
			buildConfigurations = (
				1304C6422AF8D44300043C80 /* Debug */,
				1304C6432AF8D44300043C80 /* Release */,
			);
			defaultConfigurationIsVisible = 0;
			defaultConfigurationName = Release;
		};
/* End XCConfigurationList section */

/* Begin XCVersionGroup section */
		1304C6362AF8D44100043C80 /* ATMS_DB.xcdatamodeld */ = {
			isa = XCVersionGroup;
			children = (
				1304C6372AF8D44100043C80 /* ATMS_DB.xcdatamodel */,
			);
			currentVersion = 1304C6372AF8D44100043C80 /* ATMS_DB.xcdatamodel */;
			path = ATMS_DB.xcdatamodeld;
			sourceTree = "<group>";
			versionGroupType = wrapper.xcdatamodel;
		};
/* End XCVersionGroup section */
	};
	rootObject = 1304C6222AF8D44000043C80 /* Project object */;
}
